// !$*UTF8*$!
{
	archiveVersion = 1;
	classes = {
	};
	objectVersion = 50;
	objects = {

/* Begin PBXBuildFile section */
		E48C9DF0238699A30034A6A4 /* AppDelegate.swift in Sources */ = {isa = PBXBuildFile; fileRef = E48C9DEF238699A30034A6A4 /* AppDelegate.swift */; };
		E48C9DF2238699A30034A6A4 /* SceneDelegate.swift in Sources */ = {isa = PBXBuildFile; fileRef = E48C9DF1238699A30034A6A4 /* SceneDelegate.swift */; };
		E48C9DF4238699A30034A6A4 /* ViewController.swift in Sources */ = {isa = PBXBuildFile; fileRef = E48C9DF3238699A30034A6A4 /* ViewController.swift */; };
		E48C9DF7238699A30034A6A4 /* Main.storyboard in Resources */ = {isa = PBXBuildFile; fileRef = E48C9DF5238699A30034A6A4 /* Main.storyboard */; };
		E48C9DF9238699A80034A6A4 /* Assets.xcassets in Resources */ = {isa = PBXBuildFile; fileRef = E48C9DF8238699A80034A6A4 /* Assets.xcassets */; };
		E48C9DFC238699A80034A6A4 /* LaunchScreen.storyboard in Resources */ = {isa = PBXBuildFile; fileRef = E48C9DFA238699A80034A6A4 /* LaunchScreen.storyboard */; };
		E48C9E07238699A80034A6A4 /* vocabookTests.swift in Sources */ = {isa = PBXBuildFile; fileRef = E48C9E06238699A80034A6A4 /* vocabookTests.swift */; };
		E48C9E12238699A90034A6A4 /* vocabookUITests.swift in Sources */ = {isa = PBXBuildFile; fileRef = E48C9E11238699A90034A6A4 /* vocabookUITests.swift */; };
		E48C9E2023869AC10034A6A4 /* vocabook in Resources */ = {isa = PBXBuildFile; fileRef = E48C9E1F23869AC10034A6A4 /* vocabook */; };
		E48C9E2223869D100034A6A4 /* vocabook in Resources */ = {isa = PBXBuildFile; fileRef = E48C9E2123869D100034A6A4 /* vocabook */; };
		E48C9E2323869D100034A6A4 /* vocabook in Resources */ = {isa = PBXBuildFile; fileRef = E48C9E2123869D100034A6A4 /* vocabook */; };
		E48C9E2423869D100034A6A4 /* vocabook in Resources */ = {isa = PBXBuildFile; fileRef = E48C9E2123869D100034A6A4 /* vocabook */; };
		E48C9E2623869E6B0034A6A4 /* vocabook in Resources */ = {isa = PBXBuildFile; fileRef = E48C9E2523869E6B0034A6A4 /* vocabook */; };
		E48C9E2723869E6B0034A6A4 /* vocabook in Resources */ = {isa = PBXBuildFile; fileRef = E48C9E2523869E6B0034A6A4 /* vocabook */; };
		E48C9E2823869E6B0034A6A4 /* vocabook in Resources */ = {isa = PBXBuildFile; fileRef = E48C9E2523869E6B0034A6A4 /* vocabook */; };
		E48C9E2A2386A51D0034A6A4 /* vocabook in Resources */ = {isa = PBXBuildFile; fileRef = E48C9E292386A51D0034A6A4 /* vocabook */; };
		E48C9E2B2386A51D0034A6A4 /* vocabook in Resources */ = {isa = PBXBuildFile; fileRef = E48C9E292386A51D0034A6A4 /* vocabook */; };
		E48C9E2C2386A51D0034A6A4 /* vocabook in Resources */ = {isa = PBXBuildFile; fileRef = E48C9E292386A51D0034A6A4 /* vocabook */; };
/* End PBXBuildFile section */

/* Begin PBXContainerItemProxy section */
		E48C9E03238699A80034A6A4 /* PBXContainerItemProxy */ = {
			isa = PBXContainerItemProxy;
			containerPortal = E48C9DE4238699A30034A6A4 /* Project object */;
			proxyType = 1;
			remoteGlobalIDString = E48C9DEB238699A30034A6A4;
			remoteInfo = vocabook;
		};
		E48C9E0E238699A90034A6A4 /* PBXContainerItemProxy */ = {
			isa = PBXContainerItemProxy;
			containerPortal = E48C9DE4238699A30034A6A4 /* Project object */;
			proxyType = 1;
			remoteGlobalIDString = E48C9DEB238699A30034A6A4;
			remoteInfo = vocabook;
		};
/* End PBXContainerItemProxy section */

/* Begin PBXFileReference section */
		E48C9DEC238699A30034A6A4 /* vocabook.app */ = {isa = PBXFileReference; explicitFileType = wrapper.application; includeInIndex = 0; path = vocabook.app; sourceTree = BUILT_PRODUCTS_DIR; };
		E48C9DEF238699A30034A6A4 /* AppDelegate.swift */ = {isa = PBXFileReference; lastKnownFileType = sourcecode.swift; path = AppDelegate.swift; sourceTree = "<group>"; };
		E48C9DF1238699A30034A6A4 /* SceneDelegate.swift */ = {isa = PBXFileReference; lastKnownFileType = sourcecode.swift; path = SceneDelegate.swift; sourceTree = "<group>"; };
		E48C9DF3238699A30034A6A4 /* ViewController.swift */ = {isa = PBXFileReference; lastKnownFileType = sourcecode.swift; path = ViewController.swift; sourceTree = "<group>"; };
		E48C9DF6238699A30034A6A4 /* Base */ = {isa = PBXFileReference; lastKnownFileType = file.storyboard; name = Base; path = Base.lproj/Main.storyboard; sourceTree = "<group>"; };
		E48C9DF8238699A80034A6A4 /* Assets.xcassets */ = {isa = PBXFileReference; lastKnownFileType = folder.assetcatalog; path = Assets.xcassets; sourceTree = "<group>"; };
		E48C9DFB238699A80034A6A4 /* Base */ = {isa = PBXFileReference; lastKnownFileType = file.storyboard; name = Base; path = Base.lproj/LaunchScreen.storyboard; sourceTree = "<group>"; };
		E48C9DFD238699A80034A6A4 /* Info.plist */ = {isa = PBXFileReference; lastKnownFileType = text.plist.xml; path = Info.plist; sourceTree = "<group>"; };
		E48C9E02238699A80034A6A4 /* vocabookTests.xctest */ = {isa = PBXFileReference; explicitFileType = wrapper.cfbundle; includeInIndex = 0; path = vocabookTests.xctest; sourceTree = BUILT_PRODUCTS_DIR; };
		E48C9E06238699A80034A6A4 /* vocabookTests.swift */ = {isa = PBXFileReference; lastKnownFileType = sourcecode.swift; path = vocabookTests.swift; sourceTree = "<group>"; };
		E48C9E08238699A80034A6A4 /* Info.plist */ = {isa = PBXFileReference; lastKnownFileType = text.plist.xml; path = Info.plist; sourceTree = "<group>"; };
		E48C9E0D238699A90034A6A4 /* vocabookUITests.xctest */ = {isa = PBXFileReference; explicitFileType = wrapper.cfbundle; includeInIndex = 0; path = vocabookUITests.xctest; sourceTree = BUILT_PRODUCTS_DIR; };
		E48C9E11238699A90034A6A4 /* vocabookUITests.swift */ = {isa = PBXFileReference; lastKnownFileType = sourcecode.swift; path = vocabookUITests.swift; sourceTree = "<group>"; };
		E48C9E13238699A90034A6A4 /* Info.plist */ = {isa = PBXFileReference; lastKnownFileType = text.plist.xml; path = Info.plist; sourceTree = "<group>"; };
		E48C9E1F23869AC10034A6A4 /* vocabook */ = {isa = PBXFileReference; lastKnownFileType = folder; name = vocabook; sourceTree = "<group>"; };
		E48C9E2123869D100034A6A4 /* vocabook */ = {isa = PBXFileReference; lastKnownFileType = folder; name = vocabook; sourceTree = "<group>"; };
		E48C9E2523869E6B0034A6A4 /* vocabook */ = {isa = PBXFileReference; lastKnownFileType = folder; name = vocabook; sourceTree = "<group>"; };
		E48C9E292386A51D0034A6A4 /* vocabook */ = {isa = PBXFileReference; lastKnownFileType = folder; name = vocabook; sourceTree = "<group>"; };
/* End PBXFileReference section */

/* Begin PBXFrameworksBuildPhase section */
		E48C9DE9238699A30034A6A4 /* Frameworks */ = {
			isa = PBXFrameworksBuildPhase;
			buildActionMask = 2147483647;
			files = (
			);
			runOnlyForDeploymentPostprocessing = 0;
		};
		E48C9DFF238699A80034A6A4 /* Frameworks */ = {
			isa = PBXFrameworksBuildPhase;
			buildActionMask = 2147483647;
			files = (
			);
			runOnlyForDeploymentPostprocessing = 0;
		};
		E48C9E0A238699A90034A6A4 /* Frameworks */ = {
			isa = PBXFrameworksBuildPhase;
			buildActionMask = 2147483647;
			files = (
			);
			runOnlyForDeploymentPostprocessing = 0;
		};
/* End PBXFrameworksBuildPhase section */

/* Begin PBXGroup section */
		E48C9DE3238699A30034A6A4 = {
			isa = PBXGroup;
			children = (
				E48C9DEE238699A30034A6A4 /* vocabook */,
				E48C9E1F23869AC10034A6A4 /* vocabook */,
				E48C9E2123869D100034A6A4 /* vocabook */,
				E48C9E2523869E6B0034A6A4 /* vocabook */,
				E48C9E292386A51D0034A6A4 /* vocabook */,
				E48C9E05238699A80034A6A4 /* vocabookTests */,
				E48C9E10238699A90034A6A4 /* vocabookUITests */,
				E48C9DED238699A30034A6A4 /* Products */,
			);
			sourceTree = "<group>";
		};
		E48C9DED238699A30034A6A4 /* Products */ = {
			isa = PBXGroup;
			children = (
				E48C9DEC238699A30034A6A4 /* vocabook.app */,
				E48C9E02238699A80034A6A4 /* vocabookTests.xctest */,
				E48C9E0D238699A90034A6A4 /* vocabookUITests.xctest */,
			);
			name = Products;
			sourceTree = "<group>";
		};
		E48C9DEE238699A30034A6A4 /* vocabook */ = {
			isa = PBXGroup;
			children = (
				E48C9DEF238699A30034A6A4 /* AppDelegate.swift */,
				E48C9DF1238699A30034A6A4 /* SceneDelegate.swift */,
				E48C9DF3238699A30034A6A4 /* ViewController.swift */,
				E48C9DF5238699A30034A6A4 /* Main.storyboard */,
				E48C9DF8238699A80034A6A4 /* Assets.xcassets */,
				E48C9DFA238699A80034A6A4 /* LaunchScreen.storyboard */,
				E48C9DFD238699A80034A6A4 /* Info.plist */,
			);
			path = vocabook;
			sourceTree = "<group>";
		};
		E48C9E05238699A80034A6A4 /* vocabookTests */ = {
			isa = PBXGroup;
			children = (
				E48C9E06238699A80034A6A4 /* vocabookTests.swift */,
				E48C9E08238699A80034A6A4 /* Info.plist */,
			);
			path = vocabookTests;
			sourceTree = "<group>";
		};
		E48C9E10238699A90034A6A4 /* vocabookUITests */ = {
			isa = PBXGroup;
			children = (
				E48C9E11238699A90034A6A4 /* vocabookUITests.swift */,
				E48C9E13238699A90034A6A4 /* Info.plist */,
			);
			path = vocabookUITests;
			sourceTree = "<group>";
		};
/* End PBXGroup section */

/* Begin PBXNativeTarget section */
		E48C9DEB238699A30034A6A4 /* vocabook */ = {
			isa = PBXNativeTarget;
			buildConfigurationList = E48C9E16238699A90034A6A4 /* Build configuration list for PBXNativeTarget "vocabook" */;
			buildPhases = (
				E48C9DE8238699A30034A6A4 /* Sources */,
				E48C9DE9238699A30034A6A4 /* Frameworks */,
				E48C9DEA238699A30034A6A4 /* Resources */,
			);
			buildRules = (
			);
			dependencies = (
			);
			name = vocabook;
			productName = vocabook;
			productReference = E48C9DEC238699A30034A6A4 /* vocabook.app */;
			productType = "com.apple.product-type.application";
		};
		E48C9E01238699A80034A6A4 /* vocabookTests */ = {
			isa = PBXNativeTarget;
			buildConfigurationList = E48C9E19238699A90034A6A4 /* Build configuration list for PBXNativeTarget "vocabookTests" */;
			buildPhases = (
				E48C9DFE238699A80034A6A4 /* Sources */,
				E48C9DFF238699A80034A6A4 /* Frameworks */,
				E48C9E00238699A80034A6A4 /* Resources */,
			);
			buildRules = (
			);
			dependencies = (
				E48C9E04238699A80034A6A4 /* PBXTargetDependency */,
			);
			name = vocabookTests;
			productName = vocabookTests;
			productReference = E48C9E02238699A80034A6A4 /* vocabookTests.xctest */;
			productType = "com.apple.product-type.bundle.unit-test";
		};
		E48C9E0C238699A90034A6A4 /* vocabookUITests */ = {
			isa = PBXNativeTarget;
			buildConfigurationList = E48C9E1C238699A90034A6A4 /* Build configuration list for PBXNativeTarget "vocabookUITests" */;
			buildPhases = (
				E48C9E09238699A90034A6A4 /* Sources */,
				E48C9E0A238699A90034A6A4 /* Frameworks */,
				E48C9E0B238699A90034A6A4 /* Resources */,
			);
			buildRules = (
			);
			dependencies = (
				E48C9E0F238699A90034A6A4 /* PBXTargetDependency */,
			);
			name = vocabookUITests;
			productName = vocabookUITests;
			productReference = E48C9E0D238699A90034A6A4 /* vocabookUITests.xctest */;
			productType = "com.apple.product-type.bundle.ui-testing";
		};
/* End PBXNativeTarget section */

/* Begin PBXProject section */
		E48C9DE4238699A30034A6A4 /* Project object */ = {
			isa = PBXProject;
			attributes = {
				LastSwiftUpdateCheck = 1110;
				LastUpgradeCheck = 1110;
				ORGANIZATIONNAME = "Matayoshi Yuto";
				TargetAttributes = {
					E48C9DEB238699A30034A6A4 = {
						CreatedOnToolsVersion = 11.1;
					};
					E48C9E01238699A80034A6A4 = {
						CreatedOnToolsVersion = 11.1;
						TestTargetID = E48C9DEB238699A30034A6A4;
					};
					E48C9E0C238699A90034A6A4 = {
						CreatedOnToolsVersion = 11.1;
						TestTargetID = E48C9DEB238699A30034A6A4;
					};
				};
			};
			buildConfigurationList = E48C9DE7238699A30034A6A4 /* Build configuration list for PBXProject "vocabook" */;
			compatibilityVersion = "Xcode 9.3";
			developmentRegion = en;
			hasScannedForEncodings = 0;
			knownRegions = (
				en,
				Base,
			);
			mainGroup = E48C9DE3238699A30034A6A4;
			productRefGroup = E48C9DED238699A30034A6A4 /* Products */;
			projectDirPath = "";
			projectRoot = "";
			targets = (
				E48C9DEB238699A30034A6A4 /* vocabook */,
				E48C9E01238699A80034A6A4 /* vocabookTests */,
				E48C9E0C238699A90034A6A4 /* vocabookUITests */,
			);
		};
/* End PBXProject section */

/* Begin PBXResourcesBuildPhase section */
		E48C9DEA238699A30034A6A4 /* Resources */ = {
			isa = PBXResourcesBuildPhase;
			buildActionMask = 2147483647;
			files = (
				E48C9E2023869AC10034A6A4 /* vocabook in Resources */,
				E48C9DFC238699A80034A6A4 /* LaunchScreen.storyboard in Resources */,
				E48C9E2223869D100034A6A4 /* vocabook in Resources */,
				E48C9DF9238699A80034A6A4 /* Assets.xcassets in Resources */,
				E48C9E2623869E6B0034A6A4 /* vocabook in Resources */,
				E48C9DF7238699A30034A6A4 /* Main.storyboard in Resources */,
				E48C9E2A2386A51D0034A6A4 /* vocabook in Resources */,
			);
			runOnlyForDeploymentPostprocessing = 0;
		};
		E48C9E00238699A80034A6A4 /* Resources */ = {
			isa = PBXResourcesBuildPhase;
			buildActionMask = 2147483647;
			files = (
				E48C9E2723869E6B0034A6A4 /* vocabook in Resources */,
				E48C9E2B2386A51D0034A6A4 /* vocabook in Resources */,
				E48C9E2323869D100034A6A4 /* vocabook in Resources */,
			);
			runOnlyForDeploymentPostprocessing = 0;
		};
		E48C9E0B238699A90034A6A4 /* Resources */ = {
			isa = PBXResourcesBuildPhase;
			buildActionMask = 2147483647;
			files = (
				E48C9E2823869E6B0034A6A4 /* vocabook in Resources */,
				E48C9E2C2386A51D0034A6A4 /* vocabook in Resources */,
				E48C9E2423869D100034A6A4 /* vocabook in Resources */,
			);
			runOnlyForDeploymentPostprocessing = 0;
		};
/* End PBXResourcesBuildPhase section */

/* Begin PBXSourcesBuildPhase section */
		E48C9DE8238699A30034A6A4 /* Sources */ = {
			isa = PBXSourcesBuildPhase;
			buildActionMask = 2147483647;
			files = (
				E48C9DF4238699A30034A6A4 /* ViewController.swift in Sources */,
				E48C9DF0238699A30034A6A4 /* AppDelegate.swift in Sources */,
				E48C9DF2238699A30034A6A4 /* SceneDelegate.swift in Sources */,
			);
			runOnlyForDeploymentPostprocessing = 0;
		};
		E48C9DFE238699A80034A6A4 /* Sources */ = {
			isa = PBXSourcesBuildPhase;
			buildActionMask = 2147483647;
			files = (
				E48C9E07238699A80034A6A4 /* vocabookTests.swift in Sources */,
			);
			runOnlyForDeploymentPostprocessing = 0;
		};
		E48C9E09238699A90034A6A4 /* Sources */ = {
			isa = PBXSourcesBuildPhase;
			buildActionMask = 2147483647;
			files = (
				E48C9E12238699A90034A6A4 /* vocabookUITests.swift in Sources */,
			);
			runOnlyForDeploymentPostprocessing = 0;
		};
/* End PBXSourcesBuildPhase section */

/* Begin PBXTargetDependency section */
		E48C9E04238699A80034A6A4 /* PBXTargetDependency */ = {
			isa = PBXTargetDependency;
			target = E48C9DEB238699A30034A6A4 /* vocabook */;
			targetProxy = E48C9E03238699A80034A6A4 /* PBXContainerItemProxy */;
		};
		E48C9E0F238699A90034A6A4 /* PBXTargetDependency */ = {
			isa = PBXTargetDependency;
			target = E48C9DEB238699A30034A6A4 /* vocabook */;
			targetProxy = E48C9E0E238699A90034A6A4 /* PBXContainerItemProxy */;
		};
/* End PBXTargetDependency section */

/* Begin PBXVariantGroup section */
		E48C9DF5238699A30034A6A4 /* Main.storyboard */ = {
			isa = PBXVariantGroup;
			children = (
				E48C9DF6238699A30034A6A4 /* Base */,
			);
			name = Main.storyboard;
			sourceTree = "<group>";
		};
		E48C9DFA238699A80034A6A4 /* LaunchScreen.storyboard */ = {
			isa = PBXVariantGroup;
			children = (
				E48C9DFB238699A80034A6A4 /* Base */,
			);
			name = LaunchScreen.storyboard;
			sourceTree = "<group>";
		};
/* End PBXVariantGroup section */

/* Begin XCBuildConfiguration section */
		E48C9E14238699A90034A6A4 /* Debug */ = {
			isa = XCBuildConfiguration;
			buildSettings = {
				ALWAYS_SEARCH_USER_PATHS = NO;
				CLANG_ANALYZER_NONNULL = YES;
				CLANG_ANALYZER_NUMBER_OBJECT_CONVERSION = YES_AGGRESSIVE;
				CLANG_CXX_LANGUAGE_STANDARD = "gnu++14";
				CLANG_CXX_LIBRARY = "libc++";
				CLANG_ENABLE_MODULES = YES;
				CLANG_ENABLE_OBJC_ARC = YES;
				CLANG_ENABLE_OBJC_WEAK = YES;
				CLANG_WARN_BLOCK_CAPTURE_AUTORELEASING = YES;
				CLANG_WARN_BOOL_CONVERSION = YES;
				CLANG_WARN_COMMA = YES;
				CLANG_WARN_CONSTANT_CONVERSION = YES;
				CLANG_WARN_DEPRECATED_OBJC_IMPLEMENTATIONS = YES;
				CLANG_WARN_DIRECT_OBJC_ISA_USAGE = YES_ERROR;
				CLANG_WARN_DOCUMENTATION_COMMENTS = YES;
				CLANG_WARN_EMPTY_BODY = YES;
				CLANG_WARN_ENUM_CONVERSION = YES;
				CLANG_WARN_INFINITE_RECURSION = YES;
				CLANG_WARN_INT_CONVERSION = YES;
				CLANG_WARN_NON_LITERAL_NULL_CONVERSION = YES;
				CLANG_WARN_OBJC_IMPLICIT_RETAIN_SELF = YES;
				CLANG_WARN_OBJC_LITERAL_CONVERSION = YES;
				CLANG_WARN_OBJC_ROOT_CLASS = YES_ERROR;
				CLANG_WARN_RANGE_LOOP_ANALYSIS = YES;
				CLANG_WARN_STRICT_PROTOTYPES = YES;
				CLANG_WARN_SUSPICIOUS_MOVE = YES;
				CLANG_WARN_UNGUARDED_AVAILABILITY = YES_AGGRESSIVE;
				CLANG_WARN_UNREACHABLE_CODE = YES;
				CLANG_WARN__DUPLICATE_METHOD_MATCH = YES;
				COPY_PHASE_STRIP = NO;
				DEBUG_INFORMATION_FORMAT = dwarf;
				ENABLE_STRICT_OBJC_MSGSEND = YES;
				ENABLE_TESTABILITY = YES;
				GCC_C_LANGUAGE_STANDARD = gnu11;
				GCC_DYNAMIC_NO_PIC = NO;
				GCC_NO_COMMON_BLOCKS = YES;
				GCC_OPTIMIZATION_LEVEL = 0;
				GCC_PREPROCESSOR_DEFINITIONS = (
					"DEBUG=1",
					"$(inherited)",
				);
				GCC_WARN_64_TO_32_BIT_CONVERSION = YES;
				GCC_WARN_ABOUT_RETURN_TYPE = YES_ERROR;
				GCC_WARN_UNDECLARED_SELECTOR = YES;
				GCC_WARN_UNINITIALIZED_AUTOS = YES_AGGRESSIVE;
				GCC_WARN_UNUSED_FUNCTION = YES;
				GCC_WARN_UNUSED_VARIABLE = YES;
				IPHONEOS_DEPLOYMENT_TARGET = 13.1;
				MTL_ENABLE_DEBUG_INFO = INCLUDE_SOURCE;
				MTL_FAST_MATH = YES;
				ONLY_ACTIVE_ARCH = YES;
				SDKROOT = iphoneos;
				SWIFT_ACTIVE_COMPILATION_CONDITIONS = DEBUG;
				SWIFT_OPTIMIZATION_LEVEL = "-Onone";
			};
			name = Debug;
		};
		E48C9E15238699A90034A6A4 /* Release */ = {
			isa = XCBuildConfiguration;
			buildSettings = {
				ALWAYS_SEARCH_USER_PATHS = NO;
				CLANG_ANALYZER_NONNULL = YES;
				CLANG_ANALYZER_NUMBER_OBJECT_CONVERSION = YES_AGGRESSIVE;
				CLANG_CXX_LANGUAGE_STANDARD = "gnu++14";
				CLANG_CXX_LIBRARY = "libc++";
				CLANG_ENABLE_MODULES = YES;
				CLANG_ENABLE_OBJC_ARC = YES;
				CLANG_ENABLE_OBJC_WEAK = YES;
				CLANG_WARN_BLOCK_CAPTURE_AUTORELEASING = YES;
				CLANG_WARN_BOOL_CONVERSION = YES;
				CLANG_WARN_COMMA = YES;
				CLANG_WARN_CONSTANT_CONVERSION = YES;
				CLANG_WARN_DEPRECATED_OBJC_IMPLEMENTATIONS = YES;
				CLANG_WARN_DIRECT_OBJC_ISA_USAGE = YES_ERROR;
				CLANG_WARN_DOCUMENTATION_COMMENTS = YES;
				CLANG_WARN_EMPTY_BODY = YES;
				CLANG_WARN_ENUM_CONVERSION = YES;
				CLANG_WARN_INFINITE_RECURSION = YES;
				CLANG_WARN_INT_CONVERSION = YES;
				CLANG_WARN_NON_LITERAL_NULL_CONVERSION = YES;
				CLANG_WARN_OBJC_IMPLICIT_RETAIN_SELF = YES;
				CLANG_WARN_OBJC_LITERAL_CONVERSION = YES;
				CLANG_WARN_OBJC_ROOT_CLASS = YES_ERROR;
				CLANG_WARN_RANGE_LOOP_ANALYSIS = YES;
				CLANG_WARN_STRICT_PROTOTYPES = YES;
				CLANG_WARN_SUSPICIOUS_MOVE = YES;
				CLANG_WARN_UNGUARDED_AVAILABILITY = YES_AGGRESSIVE;
				CLANG_WARN_UNREACHABLE_CODE = YES;
				CLANG_WARN__DUPLICATE_METHOD_MATCH = YES;
				COPY_PHASE_STRIP = NO;
				DEBUG_INFORMATION_FORMAT = "dwarf-with-dsym";
				ENABLE_NS_ASSERTIONS = NO;
				ENABLE_STRICT_OBJC_MSGSEND = YES;
				GCC_C_LANGUAGE_STANDARD = gnu11;
				GCC_NO_COMMON_BLOCKS = YES;
				GCC_WARN_64_TO_32_BIT_CONVERSION = YES;
				GCC_WARN_ABOUT_RETURN_TYPE = YES_ERROR;
				GCC_WARN_UNDECLARED_SELECTOR = YES;
				GCC_WARN_UNINITIALIZED_AUTOS = YES_AGGRESSIVE;
				GCC_WARN_UNUSED_FUNCTION = YES;
				GCC_WARN_UNUSED_VARIABLE = YES;
				IPHONEOS_DEPLOYMENT_TARGET = 13.1;
				MTL_ENABLE_DEBUG_INFO = NO;
				MTL_FAST_MATH = YES;
				SDKROOT = iphoneos;
				SWIFT_COMPILATION_MODE = wholemodule;
				SWIFT_OPTIMIZATION_LEVEL = "-O";
				VALIDATE_PRODUCT = YES;
			};
			name = Release;
		};
		E48C9E17238699A90034A6A4 /* Debug */ = {
			isa = XCBuildConfiguration;
			buildSettings = {
				ASSETCATALOG_COMPILER_APPICON_NAME = AppIcon;
				CODE_SIGN_STYLE = Automatic;
				DEVELOPMENT_TEAM = A27U659W33;
				INFOPLIST_FILE = vocabook/Info.plist;
				LD_RUNPATH_SEARCH_PATHS = (
					"$(inherited)",
					"@executable_path/Frameworks",
				);
				PRODUCT_BUNDLE_IDENTIFIER = e185742.vocabook;
				PRODUCT_NAME = "$(TARGET_NAME)";
				SWIFT_VERSION = 5.0;
				TARGETED_DEVICE_FAMILY = "1,2";
			};
			name = Debug;
		};
		E48C9E18238699A90034A6A4 /* Release */ = {
			isa = XCBuildConfiguration;
			buildSettings = {
				ASSETCATALOG_COMPILER_APPICON_NAME = AppIcon;
				CODE_SIGN_STYLE = Automatic;
				DEVELOPMENT_TEAM = A27U659W33;
				INFOPLIST_FILE = vocabook/Info.plist;
				LD_RUNPATH_SEARCH_PATHS = (
					"$(inherited)",
					"@executable_path/Frameworks",
				);
				PRODUCT_BUNDLE_IDENTIFIER = e185742.vocabook;
				PRODUCT_NAME = "$(TARGET_NAME)";
				SWIFT_VERSION = 5.0;
				TARGETED_DEVICE_FAMILY = "1,2";
			};
			name = Release;
		};
		E48C9E1A238699A90034A6A4 /* Debug */ = {
			isa = XCBuildConfiguration;
			buildSettings = {
				ALWAYS_EMBED_SWIFT_STANDARD_LIBRARIES = YES;
				BUNDLE_LOADER = "$(TEST_HOST)";
				CODE_SIGN_STYLE = Automatic;
				DEVELOPMENT_TEAM = A27U659W33;
				INFOPLIST_FILE = vocabookTests/Info.plist;
				IPHONEOS_DEPLOYMENT_TARGET = 13.1;
				LD_RUNPATH_SEARCH_PATHS = (
					"$(inherited)",
					"@executable_path/Frameworks",
					"@loader_path/Frameworks",
				);
				PRODUCT_BUNDLE_IDENTIFIER = e185742.vocabookTests;
				PRODUCT_NAME = "$(TARGET_NAME)";
				SWIFT_VERSION = 5.0;
				TARGETED_DEVICE_FAMILY = "1,2";
				TEST_HOST = "$(BUILT_PRODUCTS_DIR)/vocabook.app/vocabook";
			};
			name = Debug;
		};
		E48C9E1B238699A90034A6A4 /* Release */ = {
			isa = XCBuildConfiguration;
			buildSettings = {
				ALWAYS_EMBED_SWIFT_STANDARD_LIBRARIES = YES;
				BUNDLE_LOADER = "$(TEST_HOST)";
				CODE_SIGN_STYLE = Automatic;
				DEVELOPMENT_TEAM = A27U659W33;
				INFOPLIST_FILE = vocabookTests/Info.plist;
				IPHONEOS_DEPLOYMENT_TARGET = 13.1;
				LD_RUNPATH_SEARCH_PATHS = (
					"$(inherited)",
					"@executable_path/Frameworks",
					"@loader_path/Frameworks",
				);
				PRODUCT_BUNDLE_IDENTIFIER = e185742.vocabookTests;
				PRODUCT_NAME = "$(TARGET_NAME)";
				SWIFT_VERSION = 5.0;
				TARGETED_DEVICE_FAMILY = "1,2";
				TEST_HOST = "$(BUILT_PRODUCTS_DIR)/vocabook.app/vocabook";
			};
			name = Release;
		};
		E48C9E1D238699A90034A6A4 /* Debug */ = {
			isa = XCBuildConfiguration;
			buildSettings = {
				ALWAYS_EMBED_SWIFT_STANDARD_LIBRARIES = YES;
				CODE_SIGN_STYLE = Automatic;
				DEVELOPMENT_TEAM = A27U659W33;
				INFOPLIST_FILE = vocabookUITests/Info.plist;
				LD_RUNPATH_SEARCH_PATHS = (
					"$(inherited)",
					"@executable_path/Frameworks",
					"@loader_path/Frameworks",
				);
				PRODUCT_BUNDLE_IDENTIFIER = e185742.vocabookUITests;
				PRODUCT_NAME = "$(TARGET_NAME)";
				SWIFT_VERSION = 5.0;
				TARGETED_DEVICE_FAMILY = "1,2";
				TEST_TARGET_NAME = vocabook;
			};
			name = Debug;
		};
		E48C9E1E238699A90034A6A4 /* Release */ = {
			isa = XCBuildConfiguration;
			buildSettings = {
				ALWAYS_EMBED_SWIFT_STANDARD_LIBRARIES = YES;
				CODE_SIGN_STYLE = Automatic;
				DEVELOPMENT_TEAM = A27U659W33;
				INFOPLIST_FILE = vocabookUITests/Info.plist;
				LD_RUNPATH_SEARCH_PATHS = (
					"$(inherited)",
					"@executable_path/Frameworks",
					"@loader_path/Frameworks",
				);
				PRODUCT_BUNDLE_IDENTIFIER = e185742.vocabookUITests;
				PRODUCT_NAME = "$(TARGET_NAME)";
				SWIFT_VERSION = 5.0;
				TARGETED_DEVICE_FAMILY = "1,2";
				TEST_TARGET_NAME = vocabook;
			};
			name = Release;
		};
/* End XCBuildConfiguration section */

/* Begin XCConfigurationList section */
		E48C9DE7238699A30034A6A4 /* Build configuration list for PBXProject "vocabook" */ = {
			isa = XCConfigurationList;
			buildConfigurations = (
				E48C9E14238699A90034A6A4 /* Debug */,
				E48C9E15238699A90034A6A4 /* Release */,
			);
			defaultConfigurationIsVisible = 0;
			defaultConfigurationName = Release;
		};
		E48C9E16238699A90034A6A4 /* Build configuration list for PBXNativeTarget "vocabook" */ = {
			isa = XCConfigurationList;
			buildConfigurations = (
				E48C9E17238699A90034A6A4 /* Debug */,
				E48C9E18238699A90034A6A4 /* Release */,
			);
			defaultConfigurationIsVisible = 0;
			defaultConfigurationName = Release;
		};
		E48C9E19238699A90034A6A4 /* Build configuration list for PBXNativeTarget "vocabookTests" */ = {
			isa = XCConfigurationList;
			buildConfigurations = (
				E48C9E1A238699A90034A6A4 /* Debug */,
				E48C9E1B238699A90034A6A4 /* Release */,
			);
			defaultConfigurationIsVisible = 0;
			defaultConfigurationName = Release;
		};
		E48C9E1C238699A90034A6A4 /* Build configuration list for PBXNativeTarget "vocabookUITests" */ = {
			isa = XCConfigurationList;
			buildConfigurations = (
				E48C9E1D238699A90034A6A4 /* Debug */,
				E48C9E1E238699A90034A6A4 /* Release */,
			);
			defaultConfigurationIsVisible = 0;
			defaultConfigurationName = Release;
		};
/* End XCConfigurationList section */
	};
	rootObject = E48C9DE4238699A30034A6A4 /* Project object */;
}
